
Microsoft Visual Studio Solution File, Format Version 12.00
# Visual Studio Version 17
VisualStudioVersion = 17.6.33723.286
MinimumVisualStudioVersion = 10.0.40219.1
Project("{9A19103F-16F7-4668-BE54-9A1E7A4F7556}") = "ReplaceSkeletons", "ReplaceSkeletons\ReplaceSkeletons.csproj", "{92B5A2A0-9F74-414B-BC69-C5F1FA046F8F}"
EndProject
Global
	GlobalSection(SolutionConfigurationPlatforms) = preSolution
		Debug|Any CPU = Debug|Any CPU
		Release|Any CPU = Release|Any CPU
	EndGlobalSection
	GlobalSection(ProjectConfigurationPlatforms) = postSolution
		{92B5A2A0-9F74-414B-BC69-C5F1FA046F8F}.Debug|Any CPU.ActiveCfg = Debug|Any CPU
		{92B5A2A0-9F74-414B-BC69-C5F1FA046F8F}.Debug|Any CPU.Build.0 = Debug|Any CPU
		{92B5A2A0-9F74-414B-BC69-C5F1FA046F8F}.Release|Any CPU.ActiveCfg = Release|Any CPU
		{92B5A2A0-9F74-414B-BC69-C5F1FA046F8F}.Release|Any CPU.Build.0 = Release|Any CPU
	EndGlobalSection
	GlobalSection(SolutionProperties) = preSolution
		HideSolutionNode = FALSE
	EndGlobalSection
	GlobalSection(ExtensibilityGlobals) = postSolution
		SolutionGuid = {47AFB392-A1AB-4594-B9E7-9113C211E501}
	EndGlobalSection
EndGlobal
